PODS:
  - AMap3DMap (6.5.0):
    - AMapFoundation (~> 1.5)
  - amap_base (0.0.1):
    - AMapNavi
    - AMapSearch
    - Flutter
    - JSONModel
  - AMapFoundation (1.5.5)
  - AMapNavi (6.5.0):
    - AMap3DMap (~> 6.4)
    - AMapFoundation (~> 1.5)
  - AMapSearch (6.5.0):
    - AMapFoundation (~> 1.4)
  - Flutter (1.0.0)
  - JSONModel (1.8.0)

DEPENDENCIES:
  - amap_base (from `.symlinks/plugins/amap_base/ios`)
  - Flutter (from `.symlinks/flutter/ios`)

SPEC REPOS:
  https://github.com/cocoapods/specs.git:
    - AMap3DMap
    - AMapFoundation
    - AMapNavi
    - AMapSearch
    - JSONModel

EXTERNAL SOURCES:
  amap_base:
    :path: ".symlinks/plugins/amap_base/ios"
  Flutter:
    :path: ".symlinks/flutter/ios"

SPEC CHECKSUMS:
  AMap3DMap: cbe10cc4302ac3f2817ef4221e1259d7e18d1c2f
  amap_base: d677862195d24353d315954a2d77ef27d3f052ec
  AMapFoundation: 652bd70ba579f48a98bdf0c74d6e62a89a06ca58
  AMapNavi: b3084406c074bdc2f6f6e80474fa6aa80f4ec0d0
  AMapSearch: c22d8c98e04aad30615834e567781ec1367c4f36
  Flutter: 9d0fac939486c9aba2809b7982dfdbb47a7b0296
  JSONModel: 02ab723958366a3fd27da57ea2af2113658762e9

PODFILE CHECKSUM: aff02bfeed411c636180d6812254b2daeea14d09

COCOAPODS: 1.5.3
