PODS:
  - amap_base (0.0.1):
    - AMapLocation
    - Flutter
    - JSONModel
  - AMapFoundation (1.5.3)
  - AMapLocation (2.6.1):
    - AMapFoundation (~> 1.4)
  - Flutter (1.0.0)
  - JSONModel (1.7.0)

DEPENDENCIES:
  - amap_base (from `.symlinks/plugins/amap_base/ios`)
  - Flutter (from `.symlinks/flutter/ios`)

SPEC REPOS:
  https://github.com/cocoapods/specs.git:
    - AMapFoundation
    - AMapLocation
    - JSONModel

EXTERNAL SOURCES:
  amap_base:
    :path: ".symlinks/plugins/amap_base/ios"
  Flutter:
    :path: ".symlinks/flutter/ios"

SPEC CHECKSUMS:
  amap_base: 017ce59c1ab8c7b07483c0f905d98d6edfd059f0
  AMapFoundation: 58f883c80754c659cf626deb3150936bfe8f1772
  AMapLocation: cf024b53dc03663efb4ea4bcce27d4cce58bb97a
  Flutter: 9d0fac939486c9aba2809b7982dfdbb47a7b0296
  JSONModel: 840bc0fcffb24b8454d2c026bf26fea454b8e98d

PODFILE CHECKSUM: 1e5af4103afd21ca5ead147d7b81d06f494f51a2

COCOAPODS: 1.5.3
